
Microsoft Visual Studio Solution File, Format Version 12.00
# Visual Studio Version 17
VisualStudioVersion = 17.8.34330.188
MinimumVisualStudioVersion = 10.0.40219.1
Project("{FAE04EC0-301F-11D3-BF4B-00C04F79EFBC}") = "ChatGPT2", "ChatGPT2\ChatGPT2.csproj", "{7DD3BEEF-D76A-44E9-9E0A-6EA8CB3D71E0}"
EndProject
Global
	GlobalSection(SolutionConfigurationPlatforms) = preSolution
		Debug|Any CPU = Debug|Any CPU
		Release|Any CPU = Release|Any CPU
	EndGlobalSection
	GlobalSection(ProjectConfigurationPlatforms) = postSolution
		{7DD3BEEF-D76A-44E9-9E0A-6EA8CB3D71E0}.Debug|Any CPU.ActiveCfg = Debug|Any CPU
		{7DD3BEEF-D76A-44E9-9E0A-6EA8CB3D71E0}.Debug|Any CPU.Build.0 = Debug|Any CPU
		{7DD3BEEF-D76A-44E9-9E0A-6EA8CB3D71E0}.Release|Any CPU.ActiveCfg = Release|Any CPU
		{7DD3BEEF-D76A-44E9-9E0A-6EA8CB3D71E0}.Release|Any CPU.Build.0 = Release|Any CPU
	EndGlobalSection
	GlobalSection(SolutionProperties) = preSolution
		HideSolutionNode = FALSE
	EndGlobalSection
	GlobalSection(ExtensibilityGlobals) = postSolution
		SolutionGuid = {FDC59038-47AA-4641-AADB-65BA8155CD21}
	EndGlobalSection
EndGlobal
